
Microsoft Visual Studio Solution File, Format Version 12.00
Project("{FAE04EC0-301F-11D3-BF4B-00C04F79EFBC}") = "Padoru.Lib", "src\Padoru.Lib\Padoru.Lib.csproj", "{768928AF-B142-4AB9-A557-C6C5BB46A5CE}"
EndProject
Project("{FAE04EC0-301F-11D3-BF4B-00C04F79EFBC}") = "Padoru.Kit", "src\Padoru.Kit\Padoru.Kit.csproj", "{0B14F449-814A-478D-BA7D-4C384A700DDF}"
EndProject
Project("{FAE04EC0-301F-11D3-BF4B-00C04F79EFBC}") = "Padoru.API", "src\Padoru.API\Padoru.API.csproj", "{976FFE45-CBBA-42A2-AED2-0EFEA6B52A12}"
EndProject
Global
	GlobalSection(SolutionConfigurationPlatforms) = preSolution
		Debug|Any CPU = Debug|Any CPU
		Release|Any CPU = Release|Any CPU
	EndGlobalSection
	GlobalSection(ProjectConfigurationPlatforms) = postSolution
		{768928AF-B142-4AB9-A557-C6C5BB46A5CE}.Debug|Any CPU.ActiveCfg = Debug|Any CPU
		{768928AF-B142-4AB9-A557-C6C5BB46A5CE}.Debug|Any CPU.Build.0 = Debug|Any CPU
		{768928AF-B142-4AB9-A557-C6C5BB46A5CE}.Release|Any CPU.ActiveCfg = Release|Any CPU
		{768928AF-B142-4AB9-A557-C6C5BB46A5CE}.Release|Any CPU.Build.0 = Release|Any CPU
		{0B14F449-814A-478D-BA7D-4C384A700DDF}.Debug|Any CPU.ActiveCfg = Debug|Any CPU
		{0B14F449-814A-478D-BA7D-4C384A700DDF}.Debug|Any CPU.Build.0 = Debug|Any CPU
		{0B14F449-814A-478D-BA7D-4C384A700DDF}.Release|Any CPU.ActiveCfg = Release|Any CPU
		{0B14F449-814A-478D-BA7D-4C384A700DDF}.Release|Any CPU.Build.0 = Release|Any CPU
		{976FFE45-CBBA-42A2-AED2-0EFEA6B52A12}.Debug|Any CPU.ActiveCfg = Debug|Any CPU
		{976FFE45-CBBA-42A2-AED2-0EFEA6B52A12}.Debug|Any CPU.Build.0 = Debug|Any CPU
		{976FFE45-CBBA-42A2-AED2-0EFEA6B52A12}.Release|Any CPU.ActiveCfg = Release|Any CPU
		{976FFE45-CBBA-42A2-AED2-0EFEA6B52A12}.Release|Any CPU.Build.0 = Release|Any CPU
	EndGlobalSection
EndGlobal
