
Microsoft Visual Studio Solution File, Format Version 12.00
# Visual Studio Version 17
VisualStudioVersion = 17.3.32929.385
MinimumVisualStudioVersion = 10.0.40219.1
Project("{9A19103F-16F7-4668-BE54-9A1E7A4F7556}") = "Padoru.Lib", "src\Padoru.Lib\Padoru.Lib.csproj", "{768928AF-B142-4AB9-A557-C6C5BB46A5CE}"
EndProject
Project("{9A19103F-16F7-4668-BE54-9A1E7A4F7556}") = "Padoru.Kit", "src\Padoru.Kit\Padoru.Kit.csproj", "{0B14F449-814A-478D-BA7D-4C384A700DDF}"
EndProject
Project("{9A19103F-16F7-4668-BE54-9A1E7A4F7556}") = "Padoru.API", "src\Padoru.API\Padoru.API.csproj", "{976FFE45-CBBA-42A2-AED2-0EFEA6B52A12}"
EndProject
Project("{9A19103F-16F7-4668-BE54-9A1E7A4F7556}") = "Padoru.Logger", "src\Padoru.Logger\Padoru.Logger.csproj", "{6CE270D5-0757-4408-9F37-7D6E6C868587}"
EndProject
Project("{9A19103F-16F7-4668-BE54-9A1E7A4F7556}") = "Padoru.OfflineBans", "src\Padoru.OfflineBans\Padoru.OfflineBans.csproj", "{D1795C84-4554-4C53-8857-547D58A0A4A0}"
EndProject
Global
	GlobalSection(SolutionConfigurationPlatforms) = preSolution
		Debug|Any CPU = Debug|Any CPU
		Release|Any CPU = Release|Any CPU
	EndGlobalSection
	GlobalSection(ProjectConfigurationPlatforms) = postSolution
		{768928AF-B142-4AB9-A557-C6C5BB46A5CE}.Debug|Any CPU.ActiveCfg = Debug|Any CPU
		{768928AF-B142-4AB9-A557-C6C5BB46A5CE}.Debug|Any CPU.Build.0 = Debug|Any CPU
		{768928AF-B142-4AB9-A557-C6C5BB46A5CE}.Release|Any CPU.ActiveCfg = Release|Any CPU
		{768928AF-B142-4AB9-A557-C6C5BB46A5CE}.Release|Any CPU.Build.0 = Release|Any CPU
		{0B14F449-814A-478D-BA7D-4C384A700DDF}.Debug|Any CPU.ActiveCfg = Debug|Any CPU
		{0B14F449-814A-478D-BA7D-4C384A700DDF}.Debug|Any CPU.Build.0 = Debug|Any CPU
		{0B14F449-814A-478D-BA7D-4C384A700DDF}.Release|Any CPU.ActiveCfg = Release|Any CPU
		{0B14F449-814A-478D-BA7D-4C384A700DDF}.Release|Any CPU.Build.0 = Release|Any CPU
		{976FFE45-CBBA-42A2-AED2-0EFEA6B52A12}.Debug|Any CPU.ActiveCfg = Debug|Any CPU
		{976FFE45-CBBA-42A2-AED2-0EFEA6B52A12}.Debug|Any CPU.Build.0 = Debug|Any CPU
		{976FFE45-CBBA-42A2-AED2-0EFEA6B52A12}.Release|Any CPU.ActiveCfg = Release|Any CPU
		{976FFE45-CBBA-42A2-AED2-0EFEA6B52A12}.Release|Any CPU.Build.0 = Release|Any CPU
		{6CE270D5-0757-4408-9F37-7D6E6C868587}.Debug|Any CPU.ActiveCfg = Debug|Any CPU
		{6CE270D5-0757-4408-9F37-7D6E6C868587}.Debug|Any CPU.Build.0 = Debug|Any CPU
		{6CE270D5-0757-4408-9F37-7D6E6C868587}.Release|Any CPU.ActiveCfg = Release|Any CPU
		{6CE270D5-0757-4408-9F37-7D6E6C868587}.Release|Any CPU.Build.0 = Release|Any CPU
		{D1795C84-4554-4C53-8857-547D58A0A4A0}.Debug|Any CPU.ActiveCfg = Debug|Any CPU
		{D1795C84-4554-4C53-8857-547D58A0A4A0}.Debug|Any CPU.Build.0 = Debug|Any CPU
		{D1795C84-4554-4C53-8857-547D58A0A4A0}.Release|Any CPU.ActiveCfg = Release|Any CPU
		{D1795C84-4554-4C53-8857-547D58A0A4A0}.Release|Any CPU.Build.0 = Release|Any CPU
	EndGlobalSection
	GlobalSection(SolutionProperties) = preSolution
		HideSolutionNode = FALSE
	EndGlobalSection
	GlobalSection(ExtensibilityGlobals) = postSolution
		SolutionGuid = {AD0D19D0-FAE5-45F8-AE84-653E36D2B36F}
	EndGlobalSection
EndGlobal
